
Microsoft Visual Studio Solution File, Format Version 12.00
# Visual Studio Version 17
VisualStudioVersion = 17.0.31903.59
MinimumVisualStudioVersion = 10.0.40219.1
Project("{8BC9CEB8-8B4A-11D0-8D11-00A0C91BC942}") = "Test", "VisualStudio\Test.vcxproj", "{136630AE-85C6-4C68-B8B7-9541FB2529C7}"
EndProject
Project("{8BC9CEB8-8B4A-11D0-8D11-00A0C91BC942}") = "OBJCXX DLL VC142", "VisualStudio\OBJCXX DLL VC142.vcxproj", "{FF57DFD3-16D6-4B55-BED0-189CD45632F2}"
EndProject
Project("{8BC9CEB8-8B4A-11D0-8D11-00A0C91BC942}") = "OBJCXX Static VC142", "VisualStudio\OBJCXX Static VC142.vcxproj", "{C5447ED0-3D25-478F-8904-166E71F9DF20}"
EndProject
Project("{8BC9CEB8-8B4A-11D0-8D11-00A0C91BC942}") = "OBJCXX DLL VC143", "VisualStudio\OBJCXX DLL VC143.vcxproj", "{2EAA5DF6-A43D-427E-B92D-FAC9A98EAFF2}"
EndProject
Project("{8BC9CEB8-8B4A-11D0-8D11-00A0C91BC942}") = "OBJCXX Static VC143", "VisualStudio\OBJCXX Static VC143.vcxproj", "{0FAB1C97-5F20-43A5-9E02-3FC11F6356E5}"
EndProject
Global
	GlobalSection(SolutionConfigurationPlatforms) = preSolution
		Debug|x64 = Debug|x64
		Debug|x86 = Debug|x86
		Release|x64 = Release|x64
		Release|x86 = Release|x86
	EndGlobalSection
	GlobalSection(ProjectConfigurationPlatforms) = postSolution
		{136630AE-85C6-4C68-B8B7-9541FB2529C7}.Debug|x64.ActiveCfg = Debug|x64
		{136630AE-85C6-4C68-B8B7-9541FB2529C7}.Debug|x64.Build.0 = Debug|x64
		{136630AE-85C6-4C68-B8B7-9541FB2529C7}.Debug|x86.ActiveCfg = Debug|Win32
		{136630AE-85C6-4C68-B8B7-9541FB2529C7}.Debug|x86.Build.0 = Debug|Win32
		{136630AE-85C6-4C68-B8B7-9541FB2529C7}.Release|x64.ActiveCfg = Release|x64
		{136630AE-85C6-4C68-B8B7-9541FB2529C7}.Release|x64.Build.0 = Release|x64
		{136630AE-85C6-4C68-B8B7-9541FB2529C7}.Release|x86.ActiveCfg = Release|Win32
		{136630AE-85C6-4C68-B8B7-9541FB2529C7}.Release|x86.Build.0 = Release|Win32
		{FF57DFD3-16D6-4B55-BED0-189CD45632F2}.Debug|x64.ActiveCfg = Debug|x64
		{FF57DFD3-16D6-4B55-BED0-189CD45632F2}.Debug|x64.Build.0 = Debug|x64
		{FF57DFD3-16D6-4B55-BED0-189CD45632F2}.Debug|x86.ActiveCfg = Debug|Win32
		{FF57DFD3-16D6-4B55-BED0-189CD45632F2}.Debug|x86.Build.0 = Debug|Win32
		{FF57DFD3-16D6-4B55-BED0-189CD45632F2}.Release|x64.ActiveCfg = Release|x64
		{FF57DFD3-16D6-4B55-BED0-189CD45632F2}.Release|x64.Build.0 = Release|x64
		{FF57DFD3-16D6-4B55-BED0-189CD45632F2}.Release|x86.ActiveCfg = Release|Win32
		{FF57DFD3-16D6-4B55-BED0-189CD45632F2}.Release|x86.Build.0 = Release|Win32
		{C5447ED0-3D25-478F-8904-166E71F9DF20}.Debug|x64.ActiveCfg = Debug|x64
		{C5447ED0-3D25-478F-8904-166E71F9DF20}.Debug|x64.Build.0 = Debug|x64
		{C5447ED0-3D25-478F-8904-166E71F9DF20}.Debug|x86.ActiveCfg = Debug|Win32
		{C5447ED0-3D25-478F-8904-166E71F9DF20}.Debug|x86.Build.0 = Debug|Win32
		{C5447ED0-3D25-478F-8904-166E71F9DF20}.Release|x64.ActiveCfg = Release|x64
		{C5447ED0-3D25-478F-8904-166E71F9DF20}.Release|x64.Build.0 = Release|x64
		{C5447ED0-3D25-478F-8904-166E71F9DF20}.Release|x86.ActiveCfg = Release|Win32
		{C5447ED0-3D25-478F-8904-166E71F9DF20}.Release|x86.Build.0 = Release|Win32
		{2EAA5DF6-A43D-427E-B92D-FAC9A98EAFF2}.Debug|x64.ActiveCfg = Debug|x64
		{2EAA5DF6-A43D-427E-B92D-FAC9A98EAFF2}.Debug|x64.Build.0 = Debug|x64
		{2EAA5DF6-A43D-427E-B92D-FAC9A98EAFF2}.Debug|x86.ActiveCfg = Debug|Win32
		{2EAA5DF6-A43D-427E-B92D-FAC9A98EAFF2}.Debug|x86.Build.0 = Debug|Win32
		{2EAA5DF6-A43D-427E-B92D-FAC9A98EAFF2}.Release|x64.ActiveCfg = Release|x64
		{2EAA5DF6-A43D-427E-B92D-FAC9A98EAFF2}.Release|x64.Build.0 = Release|x64
		{2EAA5DF6-A43D-427E-B92D-FAC9A98EAFF2}.Release|x86.ActiveCfg = Release|Win32
		{2EAA5DF6-A43D-427E-B92D-FAC9A98EAFF2}.Release|x86.Build.0 = Release|Win32
		{0FAB1C97-5F20-43A5-9E02-3FC11F6356E5}.Debug|x64.ActiveCfg = Debug|x64
		{0FAB1C97-5F20-43A5-9E02-3FC11F6356E5}.Debug|x64.Build.0 = Debug|x64
		{0FAB1C97-5F20-43A5-9E02-3FC11F6356E5}.Debug|x86.ActiveCfg = Debug|Win32
		{0FAB1C97-5F20-43A5-9E02-3FC11F6356E5}.Debug|x86.Build.0 = Debug|Win32
		{0FAB1C97-5F20-43A5-9E02-3FC11F6356E5}.Release|x64.ActiveCfg = Release|x64
		{0FAB1C97-5F20-43A5-9E02-3FC11F6356E5}.Release|x64.Build.0 = Release|x64
		{0FAB1C97-5F20-43A5-9E02-3FC11F6356E5}.Release|x86.ActiveCfg = Release|Win32
		{0FAB1C97-5F20-43A5-9E02-3FC11F6356E5}.Release|x86.Build.0 = Release|Win32
	EndGlobalSection
	GlobalSection(SolutionProperties) = preSolution
		HideSolutionNode = FALSE
	EndGlobalSection
	GlobalSection(ExtensibilityGlobals) = postSolution
		SolutionGuid = {1A298E4C-2D73-415F-BBC8-7D27C9DC7DED}
	EndGlobalSection
EndGlobal
