
Microsoft Visual Studio Solution File, Format Version 12.00
# Visual Studio 15
VisualStudioVersion = 15.0.27004.2008
MinimumVisualStudioVersion = 10.0.40219.1
Project("{8BC9CEB8-8B4A-11D0-8D11-00A0C91BC942}") = "Test", "VisualStudio\Test.vcxproj", "{136630AE-85C6-4C68-B8B7-9541FB2529C7}"
	ProjectSection(ProjectDependencies) = postProject
		{0FAB1C97-5F20-43A5-9E02-3FC11F6356E5} = {0FAB1C97-5F20-43A5-9E02-3FC11F6356E5}
		{2EAA5DF6-A43D-427E-B92D-FAC9A98EAFF2} = {2EAA5DF6-A43D-427E-B92D-FAC9A98EAFF2}
	EndProjectSection
EndProject
Project("{8BC9CEB8-8B4A-11D0-8D11-00A0C91BC942}") = "OBJCXX Static VC141 XP", "VisualStudio\OBJCXX Static VC141 XP.vcxproj", "{0FAB1C97-5F20-43A5-9E02-3FC11F6356E5}"
EndProject
Project("{8BC9CEB8-8B4A-11D0-8D11-00A0C91BC942}") = "OBJCXX DLL VC141 XP", "VisualStudio\OBJCXX DLL VC141 XP.vcxproj", "{2EAA5DF6-A43D-427E-B92D-FAC9A98EAFF2}"
EndProject
Global
	GlobalSection(SolutionConfigurationPlatforms) = preSolution
		Debug|32-bit = Debug|32-bit
		Debug|64-bit = Debug|64-bit
		Debug|x64 = Debug|x64
		Debug|x86 = Debug|x86
		Release|32-bit = Release|32-bit
		Release|64-bit = Release|64-bit
		Release|x64 = Release|x64
		Release|x86 = Release|x86
	EndGlobalSection
	GlobalSection(ProjectConfigurationPlatforms) = postSolution
		{136630AE-85C6-4C68-B8B7-9541FB2529C7}.Debug|32-bit.ActiveCfg = Debug|Win32
		{136630AE-85C6-4C68-B8B7-9541FB2529C7}.Debug|32-bit.Build.0 = Debug|Win32
		{136630AE-85C6-4C68-B8B7-9541FB2529C7}.Debug|64-bit.ActiveCfg = Debug|x64
		{136630AE-85C6-4C68-B8B7-9541FB2529C7}.Debug|64-bit.Build.0 = Debug|x64
		{136630AE-85C6-4C68-B8B7-9541FB2529C7}.Debug|x64.ActiveCfg = Debug|x64
		{136630AE-85C6-4C68-B8B7-9541FB2529C7}.Debug|x64.Build.0 = Debug|x64
		{136630AE-85C6-4C68-B8B7-9541FB2529C7}.Debug|x86.ActiveCfg = Debug|Win32
		{136630AE-85C6-4C68-B8B7-9541FB2529C7}.Debug|x86.Build.0 = Debug|Win32
		{136630AE-85C6-4C68-B8B7-9541FB2529C7}.Release|32-bit.ActiveCfg = Release|Win32
		{136630AE-85C6-4C68-B8B7-9541FB2529C7}.Release|32-bit.Build.0 = Release|Win32
		{136630AE-85C6-4C68-B8B7-9541FB2529C7}.Release|64-bit.ActiveCfg = Release|x64
		{136630AE-85C6-4C68-B8B7-9541FB2529C7}.Release|64-bit.Build.0 = Release|x64
		{136630AE-85C6-4C68-B8B7-9541FB2529C7}.Release|x64.ActiveCfg = Release|x64
		{136630AE-85C6-4C68-B8B7-9541FB2529C7}.Release|x64.Build.0 = Release|x64
		{136630AE-85C6-4C68-B8B7-9541FB2529C7}.Release|x86.ActiveCfg = Release|Win32
		{136630AE-85C6-4C68-B8B7-9541FB2529C7}.Release|x86.Build.0 = Release|Win32
		{0FAB1C97-5F20-43A5-9E02-3FC11F6356E5}.Debug|32-bit.ActiveCfg = Debug|Win32
		{0FAB1C97-5F20-43A5-9E02-3FC11F6356E5}.Debug|32-bit.Build.0 = Debug|Win32
		{0FAB1C97-5F20-43A5-9E02-3FC11F6356E5}.Debug|64-bit.ActiveCfg = Debug|x64
		{0FAB1C97-5F20-43A5-9E02-3FC11F6356E5}.Debug|64-bit.Build.0 = Debug|x64
		{0FAB1C97-5F20-43A5-9E02-3FC11F6356E5}.Debug|x64.ActiveCfg = Debug|x64
		{0FAB1C97-5F20-43A5-9E02-3FC11F6356E5}.Debug|x64.Build.0 = Debug|x64
		{0FAB1C97-5F20-43A5-9E02-3FC11F6356E5}.Debug|x86.ActiveCfg = Debug|Win32
		{0FAB1C97-5F20-43A5-9E02-3FC11F6356E5}.Debug|x86.Build.0 = Debug|Win32
		{0FAB1C97-5F20-43A5-9E02-3FC11F6356E5}.Release|32-bit.ActiveCfg = Release|Win32
		{0FAB1C97-5F20-43A5-9E02-3FC11F6356E5}.Release|32-bit.Build.0 = Release|Win32
		{0FAB1C97-5F20-43A5-9E02-3FC11F6356E5}.Release|64-bit.ActiveCfg = Release|x64
		{0FAB1C97-5F20-43A5-9E02-3FC11F6356E5}.Release|64-bit.Build.0 = Release|x64
		{0FAB1C97-5F20-43A5-9E02-3FC11F6356E5}.Release|x64.ActiveCfg = Release|x64
		{0FAB1C97-5F20-43A5-9E02-3FC11F6356E5}.Release|x64.Build.0 = Release|x64
		{0FAB1C97-5F20-43A5-9E02-3FC11F6356E5}.Release|x86.ActiveCfg = Release|Win32
		{0FAB1C97-5F20-43A5-9E02-3FC11F6356E5}.Release|x86.Build.0 = Release|Win32
		{2EAA5DF6-A43D-427E-B92D-FAC9A98EAFF2}.Debug|32-bit.ActiveCfg = Debug|Win32
		{2EAA5DF6-A43D-427E-B92D-FAC9A98EAFF2}.Debug|32-bit.Build.0 = Debug|Win32
		{2EAA5DF6-A43D-427E-B92D-FAC9A98EAFF2}.Debug|64-bit.ActiveCfg = Debug|x64
		{2EAA5DF6-A43D-427E-B92D-FAC9A98EAFF2}.Debug|64-bit.Build.0 = Debug|x64
		{2EAA5DF6-A43D-427E-B92D-FAC9A98EAFF2}.Debug|x64.ActiveCfg = Debug|x64
		{2EAA5DF6-A43D-427E-B92D-FAC9A98EAFF2}.Debug|x64.Build.0 = Debug|x64
		{2EAA5DF6-A43D-427E-B92D-FAC9A98EAFF2}.Debug|x86.ActiveCfg = Debug|Win32
		{2EAA5DF6-A43D-427E-B92D-FAC9A98EAFF2}.Debug|x86.Build.0 = Debug|Win32
		{2EAA5DF6-A43D-427E-B92D-FAC9A98EAFF2}.Release|32-bit.ActiveCfg = Release|Win32
		{2EAA5DF6-A43D-427E-B92D-FAC9A98EAFF2}.Release|32-bit.Build.0 = Release|Win32
		{2EAA5DF6-A43D-427E-B92D-FAC9A98EAFF2}.Release|64-bit.ActiveCfg = Release|x64
		{2EAA5DF6-A43D-427E-B92D-FAC9A98EAFF2}.Release|64-bit.Build.0 = Release|x64
		{2EAA5DF6-A43D-427E-B92D-FAC9A98EAFF2}.Release|x64.ActiveCfg = Release|x64
		{2EAA5DF6-A43D-427E-B92D-FAC9A98EAFF2}.Release|x64.Build.0 = Release|x64
		{2EAA5DF6-A43D-427E-B92D-FAC9A98EAFF2}.Release|x86.ActiveCfg = Release|Win32
		{2EAA5DF6-A43D-427E-B92D-FAC9A98EAFF2}.Release|x86.Build.0 = Release|Win32
	EndGlobalSection
	GlobalSection(SolutionProperties) = preSolution
		HideSolutionNode = FALSE
	EndGlobalSection
	GlobalSection(ExtensibilityGlobals) = postSolution
		SolutionGuid = {1A298E4C-2D73-415F-BBC8-7D27C9DC7DED}
	EndGlobalSection
EndGlobal
